
Microsoft Visual Studio Solution File, Format Version 12.00
# Visual Studio Version 16
VisualStudioVersion = 16.0.29709.97
MinimumVisualStudioVersion = 10.0.40219.1
Project("{FAE04EC0-301F-11D3-BF4B-00C04F79EFBC}") = "LibraryManagementphase1", "LibraryManagementphase1\LibraryManagementphase1.csproj", "{7A4A783D-C27E-4B7C-9F5C-803F9FA0466D}"
EndProject
Global
	GlobalSection(SolutionConfigurationPlatforms) = preSolution
		Debug|Any CPU = Debug|Any CPU
		Release|Any CPU = Release|Any CPU
	EndGlobalSection
	GlobalSection(ProjectConfigurationPlatforms) = postSolution
		{7A4A783D-C27E-4B7C-9F5C-803F9FA0466D}.Debug|Any CPU.ActiveCfg = Debug|Any CPU
		{7A4A783D-C27E-4B7C-9F5C-803F9FA0466D}.Debug|Any CPU.Build.0 = Debug|Any CPU
		{7A4A783D-C27E-4B7C-9F5C-803F9FA0466D}.Release|Any CPU.ActiveCfg = Release|Any CPU
		{7A4A783D-C27E-4B7C-9F5C-803F9FA0466D}.Release|Any CPU.Build.0 = Release|Any CPU
	EndGlobalSection
	GlobalSection(SolutionProperties) = preSolution
		HideSolutionNode = FALSE
	EndGlobalSection
	GlobalSection(ExtensibilityGlobals) = postSolution
		SolutionGuid = {337EE862-9354-48CB-B0ED-B1F78BC42F0D}
	EndGlobalSection
EndGlobal
